
Microsoft Visual Studio Solution File, Format Version 12.00
# Visual Studio Version 16
VisualStudioVersion = 16.0.34601.136
MinimumVisualStudioVersion = 10.0.40219.1
Project("{FAE04EC0-301F-11D3-BF4B-00C04F79EFBC}") = "KH1PCMusicRando", "KH1PCMusicRando\KH1PCMusicRando.csproj", "{C6E72EA6-0978-4E01-94FB-8AF1A1CEB1BF}"
EndProject
Global
	GlobalSection(SolutionConfigurationPlatforms) = preSolution
		Debug|Any CPU = Debug|Any CPU
		Release|Any CPU = Release|Any CPU
	EndGlobalSection
	GlobalSection(ProjectConfigurationPlatforms) = postSolution
		{C6E72EA6-0978-4E01-94FB-8AF1A1CEB1BF}.Debug|Any CPU.ActiveCfg = Debug|Any CPU
		{C6E72EA6-0978-4E01-94FB-8AF1A1CEB1BF}.Debug|Any CPU.Build.0 = Debug|Any CPU
		{C6E72EA6-0978-4E01-94FB-8AF1A1CEB1BF}.Release|Any CPU.ActiveCfg = Release|Any CPU
		{C6E72EA6-0978-4E01-94FB-8AF1A1CEB1BF}.Release|Any CPU.Build.0 = Release|Any CPU
	EndGlobalSection
	GlobalSection(SolutionProperties) = preSolution
		HideSolutionNode = FALSE
	EndGlobalSection
	GlobalSection(ExtensibilityGlobals) = postSolution
		SolutionGuid = {FEEACB21-7DA6-4EEA-83C4-FBBA87E99051}
	EndGlobalSection
EndGlobal
